
Microsoft Visual Studio Solution File, Format Version 12.00
# Visual Studio Version 17
VisualStudioVersion = 17.9.34616.47
MinimumVisualStudioVersion = 10.0.40219.1
Project("{9A19103F-16F7-4668-BE54-9A1E7A4F7556}") = "StudentManagement", "StudentManagement\StudentManagement.csproj", "{C7B1A57B-079D-4FFD-9378-D4BEB9884EF2}"
EndProject
Global
	GlobalSection(SolutionConfigurationPlatforms) = preSolution
		Debug|Any CPU = Debug|Any CPU
		Release|Any CPU = Release|Any CPU
	EndGlobalSection
	GlobalSection(ProjectConfigurationPlatforms) = postSolution
		{C7B1A57B-079D-4FFD-9378-D4BEB9884EF2}.Debug|Any CPU.ActiveCfg = Debug|Any CPU
		{C7B1A57B-079D-4FFD-9378-D4BEB9884EF2}.Debug|Any CPU.Build.0 = Debug|Any CPU
		{C7B1A57B-079D-4FFD-9378-D4BEB9884EF2}.Release|Any CPU.ActiveCfg = Release|Any CPU
		{C7B1A57B-079D-4FFD-9378-D4BEB9884EF2}.Release|Any CPU.Build.0 = Release|Any CPU
	EndGlobalSection
	GlobalSection(SolutionProperties) = preSolution
		HideSolutionNode = FALSE
	EndGlobalSection
	GlobalSection(ExtensibilityGlobals) = postSolution
		SolutionGuid = {E058A86A-FFD9-4767-8496-A324B0912801}
	EndGlobalSection
EndGlobal
